
Microsoft Visual Studio Solution File, Format Version 12.00
# Visual Studio Version 16
VisualStudioVersion = 16.0.29911.84
MinimumVisualStudioVersion = 10.0.40219.1
Project("{00D1A9C2-B5F0-4AF3-8072-F6C62B433612}") = "DATA_CONCILIACION", "DATA_CONCILIACION.sqlproj", "{A924A7E6-03D7-44D4-804D-53E863C10FCF}"
EndProject
Global
	GlobalSection(SolutionConfigurationPlatforms) = preSolution
		Debug|Any CPU = Debug|Any CPU
		Release|Any CPU = Release|Any CPU
	EndGlobalSection
	GlobalSection(ProjectConfigurationPlatforms) = postSolution
		{A924A7E6-03D7-44D4-804D-53E863C10FCF}.Debug|Any CPU.ActiveCfg = Debug|Any CPU
		{A924A7E6-03D7-44D4-804D-53E863C10FCF}.Debug|Any CPU.Build.0 = Debug|Any CPU
		{A924A7E6-03D7-44D4-804D-53E863C10FCF}.Debug|Any CPU.Deploy.0 = Debug|Any CPU
		{A924A7E6-03D7-44D4-804D-53E863C10FCF}.Release|Any CPU.ActiveCfg = Release|Any CPU
		{A924A7E6-03D7-44D4-804D-53E863C10FCF}.Release|Any CPU.Build.0 = Release|Any CPU
		{A924A7E6-03D7-44D4-804D-53E863C10FCF}.Release|Any CPU.Deploy.0 = Release|Any CPU
	EndGlobalSection
	GlobalSection(SolutionProperties) = preSolution
		HideSolutionNode = FALSE
	EndGlobalSection
	GlobalSection(ExtensibilityGlobals) = postSolution
		SolutionGuid = {58497034-F6B7-4EE2-9BA6-5EA93A22F075}
	EndGlobalSection
EndGlobal
